// !$*UTF8*$!
{
	archiveVersion = 1;
	classes = {
	};
	objectVersion = 52;
	objects = {

/* Begin PBXBuildFile section */
		301A1FBC26BBBFDE002E323A /* DocumentRepresentation.swift in Sources */ = {isa = PBXBuildFile; fileRef = 301A1FBB26BBBFDE002E323A /* DocumentRepresentation.swift */; };
		301A1FBE26BBBFF5002E323A /* BaseDocumentRepresentation.swift in Sources */ = {isa = PBXBuildFile; fileRef = 301A1FBD26BBBFF5002E323A /* BaseDocumentRepresentation.swift */; };
		301A1FC026BBC062002E323A /* PakistanCNICDocumentRepresentation.swift in Sources */ = {isa = PBXBuildFile; fileRef = 301A1FBF26BBC062002E323A /* PakistanCNICDocumentRepresentation.swift */; };
		301A1FC226BD0F48002E323A /* CustomTableViewCell.swift in Sources */ = {isa = PBXBuildFile; fileRef = 301A1FC126BD0F48002E323A /* CustomTableViewCell.swift */; };
		302B30E9269CEF4600BB0287 /* AppDelegate.swift in Sources */ = {isa = PBXBuildFile; fileRef = 302B30E8269CEF4600BB0287 /* AppDelegate.swift */; };
		302B30EB269CEF4600BB0287 /* SceneDelegate.swift in Sources */ = {isa = PBXBuildFile; fileRef = 302B30EA269CEF4600BB0287 /* SceneDelegate.swift */; };
		302B30ED269CEF4600BB0287 /* ViewController.swift in Sources */ = {isa = PBXBuildFile; fileRef = 302B30EC269CEF4600BB0287 /* ViewController.swift */; };
		302B30F0269CEF4600BB0287 /* Main.storyboard in Resources */ = {isa = PBXBuildFile; fileRef = 302B30EE269CEF4600BB0287 /* Main.storyboard */; };
		302B30F2269CEF4700BB0287 /* Assets.xcassets in Resources */ = {isa = PBXBuildFile; fileRef = 302B30F1269CEF4700BB0287 /* Assets.xcassets */; };
		302B30F5269CEF4700BB0287 /* LaunchScreen.storyboard in Resources */ = {isa = PBXBuildFile; fileRef = 302B30F3269CEF4700BB0287 /* LaunchScreen.storyboard */; };
		302B3100269D0BE000BB0287 /* CreditCard.swift in Sources */ = {isa = PBXBuildFile; fileRef = 302B30FF269D0BE000BB0287 /* CreditCard.swift */; };
		302B3102269D0C3E00BB0287 /* CNIC.swift in Sources */ = {isa = PBXBuildFile; fileRef = 302B3101269D0C3E00BB0287 /* CNIC.swift */; };
		302B310B269D6CE700BB0287 /* DocumentExtractor.swift in Sources */ = {isa = PBXBuildFile; fileRef = 302B310A269D6CE700BB0287 /* DocumentExtractor.swift */; };
		302B310D269D6CF700BB0287 /* CreditCardExtractor.swift in Sources */ = {isa = PBXBuildFile; fileRef = 302B310C269D6CF700BB0287 /* CreditCardExtractor.swift */; };
		302B310F269D6D0A00BB0287 /* CNICExtractor.swift in Sources */ = {isa = PBXBuildFile; fileRef = 302B310E269D6D0A00BB0287 /* CNICExtractor.swift */; };
		302B3112269D6F9D00BB0287 /* Reg in Frameworks */ = {isa = PBXBuildFile; productRef = 302B3111269D6F9D00BB0287 /* Reg */; };
		30333E2726B2B2D1008FA715 /* ImageKind.swift in Sources */ = {isa = PBXBuildFile; fileRef = 30333E2626B2B2D1008FA715 /* ImageKind.swift */; };
		30333E2926B2B9E8008FA715 /* BaseTextRecognizer.swift in Sources */ = {isa = PBXBuildFile; fileRef = 30333E2826B2B9E8008FA715 /* BaseTextRecognizer.swift */; };
		30333E2C26B2BA02008FA715 /* MLKitTextRecognizer.swift in Sources */ = {isa = PBXBuildFile; fileRef = 30333E2B26B2BA02008FA715 /* MLKitTextRecognizer.swift */; };
		304826BD26B09DA1000873CE /* ModelProcessor.swift in Sources */ = {isa = PBXBuildFile; fileRef = 304826BC26B09DA1000873CE /* ModelProcessor.swift */; };
		304826C126B0ABE6000873CE /* CameraView.swift in Sources */ = {isa = PBXBuildFile; fileRef = 304826C026B0ABE6000873CE /* CameraView.swift */; };
		30C9419E26A053A40016D87D /* .gitignore in Resources */ = {isa = PBXBuildFile; fileRef = 30C9419D26A053A40016D87D /* .gitignore */; };
		30C941A226A059130016D87D /* opencv2.framework in Frameworks */ = {isa = PBXBuildFile; fileRef = 30C941A126A059130016D87D /* opencv2.framework */; };
		30C941CC26A175910016D87D /* FeatureExtractionBridge.mm in Sources */ = {isa = PBXBuildFile; fileRef = 30C941CB26A175910016D87D /* FeatureExtractionBridge.mm */; };
		30EFAB0626B3E93D004412BC /* BaseDocumentTextExtractor.swift in Sources */ = {isa = PBXBuildFile; fileRef = 30EFAB0526B3E93D004412BC /* BaseDocumentTextExtractor.swift */; };
		30EFAB0826B3F07E004412BC /* Misc.swift in Sources */ = {isa = PBXBuildFile; fileRef = 30EFAB0726B3F07E004412BC /* Misc.swift */; };
		30FFA4FF26A0321A004AA14E /* FeatureExtraction.cpp in Sources */ = {isa = PBXBuildFile; fileRef = 30FFA4FB26A0321A004AA14E /* FeatureExtraction.cpp */; };
		30FFA50126A0321A004AA14E /* ModelProcessorViewController.swift in Sources */ = {isa = PBXBuildFile; fileRef = 30FFA4FE26A0321A004AA14E /* ModelProcessorViewController.swift */; };
/* End PBXBuildFile section */

/* Begin PBXFileReference section */
		301A1FBB26BBBFDE002E323A /* DocumentRepresentation.swift */ = {isa = PBXFileReference; lastKnownFileType = sourcecode.swift; path = DocumentRepresentation.swift; sourceTree = "<group>"; };
		301A1FBD26BBBFF5002E323A /* BaseDocumentRepresentation.swift */ = {isa = PBXFileReference; lastKnownFileType = sourcecode.swift; path = BaseDocumentRepresentation.swift; sourceTree = "<group>"; };
		301A1FBF26BBC062002E323A /* PakistanCNICDocumentRepresentation.swift */ = {isa = PBXFileReference; lastKnownFileType = sourcecode.swift; path = PakistanCNICDocumentRepresentation.swift; sourceTree = "<group>"; };
		301A1FC126BD0F48002E323A /* CustomTableViewCell.swift */ = {isa = PBXFileReference; lastKnownFileType = sourcecode.swift; path = CustomTableViewCell.swift; sourceTree = "<group>"; };
		302B30E5269CEF4600BB0287 /* OCR Scanner.app */ = {isa = PBXFileReference; explicitFileType = wrapper.application; includeInIndex = 0; path = "OCR Scanner.app"; sourceTree = BUILT_PRODUCTS_DIR; };
		302B30E8269CEF4600BB0287 /* AppDelegate.swift */ = {isa = PBXFileReference; lastKnownFileType = sourcecode.swift; path = AppDelegate.swift; sourceTree = "<group>"; };
		302B30EA269CEF4600BB0287 /* SceneDelegate.swift */ = {isa = PBXFileReference; lastKnownFileType = sourcecode.swift; path = SceneDelegate.swift; sourceTree = "<group>"; };
		302B30EC269CEF4600BB0287 /* ViewController.swift */ = {isa = PBXFileReference; lastKnownFileType = sourcecode.swift; path = ViewController.swift; sourceTree = "<group>"; };
		302B30EF269CEF4600BB0287 /* Base */ = {isa = PBXFileReference; lastKnownFileType = file.storyboard; name = Base; path = Base.lproj/Main.storyboard; sourceTree = "<group>"; };
		302B30F1269CEF4700BB0287 /* Assets.xcassets */ = {isa = PBXFileReference; lastKnownFileType = folder.assetcatalog; path = Assets.xcassets; sourceTree = "<group>"; };
		302B30F4269CEF4700BB0287 /* Base */ = {isa = PBXFileReference; lastKnownFileType = file.storyboard; name = Base; path = Base.lproj/LaunchScreen.storyboard; sourceTree = "<group>"; };
		302B30F6269CEF4700BB0287 /* Info.plist */ = {isa = PBXFileReference; lastKnownFileType = text.plist.xml; path = Info.plist; sourceTree = "<group>"; };
		302B30FF269D0BE000BB0287 /* CreditCard.swift */ = {isa = PBXFileReference; lastKnownFileType = sourcecode.swift; path = CreditCard.swift; sourceTree = "<group>"; };
		302B3101269D0C3E00BB0287 /* CNIC.swift */ = {isa = PBXFileReference; lastKnownFileType = sourcecode.swift; path = CNIC.swift; sourceTree = "<group>"; };
		302B310A269D6CE700BB0287 /* DocumentExtractor.swift */ = {isa = PBXFileReference; lastKnownFileType = sourcecode.swift; path = DocumentExtractor.swift; sourceTree = "<group>"; };
		302B310C269D6CF700BB0287 /* CreditCardExtractor.swift */ = {isa = PBXFileReference; lastKnownFileType = sourcecode.swift; path = CreditCardExtractor.swift; sourceTree = "<group>"; };
		302B310E269D6D0A00BB0287 /* CNICExtractor.swift */ = {isa = PBXFileReference; lastKnownFileType = sourcecode.swift; path = CNICExtractor.swift; sourceTree = "<group>"; };
		30333E2626B2B2D1008FA715 /* ImageKind.swift */ = {isa = PBXFileReference; lastKnownFileType = sourcecode.swift; path = ImageKind.swift; sourceTree = "<group>"; };
		30333E2826B2B9E8008FA715 /* BaseTextRecognizer.swift */ = {isa = PBXFileReference; lastKnownFileType = sourcecode.swift; path = BaseTextRecognizer.swift; sourceTree = "<group>"; };
		30333E2B26B2BA02008FA715 /* MLKitTextRecognizer.swift */ = {isa = PBXFileReference; lastKnownFileType = sourcecode.swift; path = MLKitTextRecognizer.swift; sourceTree = "<group>"; };
		304826BC26B09DA1000873CE /* ModelProcessor.swift */ = {isa = PBXFileReference; lastKnownFileType = sourcecode.swift; path = ModelProcessor.swift; sourceTree = "<group>"; };
		304826C026B0ABE6000873CE /* CameraView.swift */ = {isa = PBXFileReference; lastKnownFileType = sourcecode.swift; path = CameraView.swift; sourceTree = "<group>"; };
		30C9419D26A053A40016D87D /* .gitignore */ = {isa = PBXFileReference; lastKnownFileType = text; path = .gitignore; sourceTree = "<group>"; };
		30C941A126A059130016D87D /* opencv2.framework */ = {isa = PBXFileReference; lastKnownFileType = wrapper.framework; path = opencv2.framework; sourceTree = "<group>"; };
		30C941CB26A175910016D87D /* FeatureExtractionBridge.mm */ = {isa = PBXFileReference; lastKnownFileType = sourcecode.cpp.objcpp; path = FeatureExtractionBridge.mm; sourceTree = "<group>"; };
		30C941CD26A1824E0016D87D /* FeatureExtractionBridge.h */ = {isa = PBXFileReference; lastKnownFileType = sourcecode.c.h; path = FeatureExtractionBridge.h; sourceTree = "<group>"; };
		30C941CE26A193AA0016D87D /* OCR Scanner-Bridging-Header.h */ = {isa = PBXFileReference; lastKnownFileType = sourcecode.c.h; path = "OCR Scanner-Bridging-Header.h"; sourceTree = "<group>"; };
		30EFAB0526B3E93D004412BC /* BaseDocumentTextExtractor.swift */ = {isa = PBXFileReference; lastKnownFileType = sourcecode.swift; path = BaseDocumentTextExtractor.swift; sourceTree = "<group>"; };
		30EFAB0726B3F07E004412BC /* Misc.swift */ = {isa = PBXFileReference; lastKnownFileType = sourcecode.swift; path = Misc.swift; sourceTree = "<group>"; };
		30FFA4FB26A0321A004AA14E /* FeatureExtraction.cpp */ = {isa = PBXFileReference; fileEncoding = 4; lastKnownFileType = sourcecode.cpp.cpp; path = FeatureExtraction.cpp; sourceTree = "<group>"; };
		30FFA4FC26A0321A004AA14E /* FeatureExtraction.hpp */ = {isa = PBXFileReference; fileEncoding = 4; lastKnownFileType = sourcecode.cpp.h; path = FeatureExtraction.hpp; sourceTree = "<group>"; };
		30FFA4FE26A0321A004AA14E /* ModelProcessorViewController.swift */ = {isa = PBXFileReference; fileEncoding = 4; lastKnownFileType = sourcecode.swift; path = ModelProcessorViewController.swift; sourceTree = "<group>"; };
/* End PBXFileReference section */

/* Begin PBXFrameworksBuildPhase section */
		302B30E2269CEF4600BB0287 /* Frameworks */ = {
			isa = PBXFrameworksBuildPhase;
			buildActionMask = 2147483647;
			files = (
				30C941A226A059130016D87D /* opencv2.framework in Frameworks */,
				302B3112269D6F9D00BB0287 /* Reg in Frameworks */,
			);
			runOnlyForDeploymentPostprocessing = 0;
		};
/* End PBXFrameworksBuildPhase section */

/* Begin PBXGroup section */
		301A1FBA26BBBFC0002E323A /* Representation */ = {
			isa = PBXGroup;
			children = (
				301A1FBB26BBBFDE002E323A /* DocumentRepresentation.swift */,
				301A1FBD26BBBFF5002E323A /* BaseDocumentRepresentation.swift */,
				301A1FBF26BBC062002E323A /* PakistanCNICDocumentRepresentation.swift */,
			);
			path = Representation;
			sourceTree = "<group>";
		};
		302B30DC269CEF4600BB0287 = {
			isa = PBXGroup;
			children = (
				30C941A026A058D20016D87D /* Frameworks */,
				302B30E7269CEF4600BB0287 /* OCR Scanner */,
				302B30E6269CEF4600BB0287 /* Products */,
				30C9419D26A053A40016D87D /* .gitignore */,
			);
			sourceTree = "<group>";
		};
		302B30E6269CEF4600BB0287 /* Products */ = {
			isa = PBXGroup;
			children = (
				302B30E5269CEF4600BB0287 /* OCR Scanner.app */,
			);
			name = Products;
			sourceTree = "<group>";
		};
		302B30E7269CEF4600BB0287 /* OCR Scanner */ = {
			isa = PBXGroup;
			children = (
				302B30FE269D0BA900BB0287 /* Model */,
				30333E2526B2A4EA008FA715 /* Controller */,
				302B3103269D0E3500BB0287 /* Model Processor */,
				302B3104269D0E5300BB0287 /* Document Extractor */,
				301A1FBA26BBBFC0002E323A /* Representation */,
				30FFA4F926A0321A004AA14E /* Template Matching */,
				302B30FC269CF10100BB0287 /* Supporting Files */,
				302B30F6269CEF4700BB0287 /* Info.plist */,
			);
			path = "OCR Scanner";
			sourceTree = "<group>";
		};
		302B30FC269CF10100BB0287 /* Supporting Files */ = {
			isa = PBXGroup;
			children = (
				302B30F1269CEF4700BB0287 /* Assets.xcassets */,
				302B30F3269CEF4700BB0287 /* LaunchScreen.storyboard */,
				302B30EE269CEF4600BB0287 /* Main.storyboard */,
				302B30E8269CEF4600BB0287 /* AppDelegate.swift */,
				302B30EA269CEF4600BB0287 /* SceneDelegate.swift */,
				301A1FC126BD0F48002E323A /* CustomTableViewCell.swift */,
			);
			path = "Supporting Files";
			sourceTree = "<group>";
		};
		302B30FE269D0BA900BB0287 /* Model */ = {
			isa = PBXGroup;
			children = (
				302B30FF269D0BE000BB0287 /* CreditCard.swift */,
				302B3101269D0C3E00BB0287 /* CNIC.swift */,
				30333E2626B2B2D1008FA715 /* ImageKind.swift */,
			);
			path = Model;
			sourceTree = "<group>";
		};
		302B3103269D0E3500BB0287 /* Model Processor */ = {
			isa = PBXGroup;
			children = (
				304826BC26B09DA1000873CE /* ModelProcessor.swift */,
				30333E2826B2B9E8008FA715 /* BaseTextRecognizer.swift */,
				30333E2B26B2BA02008FA715 /* MLKitTextRecognizer.swift */,
			);
			path = "Model Processor";
			sourceTree = "<group>";
		};
		302B3104269D0E5300BB0287 /* Document Extractor */ = {
			isa = PBXGroup;
			children = (
				302B310A269D6CE700BB0287 /* DocumentExtractor.swift */,
				30EFAB0526B3E93D004412BC /* BaseDocumentTextExtractor.swift */,
				302B310C269D6CF700BB0287 /* CreditCardExtractor.swift */,
				302B310E269D6D0A00BB0287 /* CNICExtractor.swift */,
				30EFAB0726B3F07E004412BC /* Misc.swift */,
			);
			path = "Document Extractor";
			sourceTree = "<group>";
		};
		30333E2526B2A4EA008FA715 /* Controller */ = {
			isa = PBXGroup;
			children = (
				302B30EC269CEF4600BB0287 /* ViewController.swift */,
				30FFA4FE26A0321A004AA14E /* ModelProcessorViewController.swift */,
				304826C026B0ABE6000873CE /* CameraView.swift */,
			);
			path = Controller;
			sourceTree = "<group>";
		};
		30C941A026A058D20016D87D /* Frameworks */ = {
			isa = PBXGroup;
			children = (
				30C941A126A059130016D87D /* opencv2.framework */,
			);
			path = Frameworks;
			sourceTree = "<group>";
		};
		30FFA4F926A0321A004AA14E /* Template Matching */ = {
			isa = PBXGroup;
			children = (
				30FFA4FC26A0321A004AA14E /* FeatureExtraction.hpp */,
				30FFA4FB26A0321A004AA14E /* FeatureExtraction.cpp */,
				30C941CD26A1824E0016D87D /* FeatureExtractionBridge.h */,
				30C941CB26A175910016D87D /* FeatureExtractionBridge.mm */,
				30C941CE26A193AA0016D87D /* OCR Scanner-Bridging-Header.h */,
			);
			path = "Template Matching";
			sourceTree = "<group>";
		};
/* End PBXGroup section */

/* Begin PBXNativeTarget section */
		302B30E4269CEF4600BB0287 /* OCR Scanner */ = {
			isa = PBXNativeTarget;
			buildConfigurationList = 302B30F9269CEF4700BB0287 /* Build configuration list for PBXNativeTarget "OCR Scanner" */;
			buildPhases = (
				302B30E1269CEF4600BB0287 /* Sources */,
				302B30E2269CEF4600BB0287 /* Frameworks */,
				302B30E3269CEF4600BB0287 /* Resources */,
			);
			buildRules = (
			);
			dependencies = (
			);
			name = "OCR Scanner";
			packageProductDependencies = (
				302B3111269D6F9D00BB0287 /* Reg */,
			);
			productName = "OCR Scanner";
			productReference = 302B30E5269CEF4600BB0287 /* OCR Scanner.app */;
			productType = "com.apple.product-type.application";
		};
/* End PBXNativeTarget section */

/* Begin PBXProject section */
		302B30DD269CEF4600BB0287 /* Project object */ = {
			isa = PBXProject;
			attributes = {
				LastSwiftUpdateCheck = 1250;
				LastUpgradeCheck = 1250;
				TargetAttributes = {
					302B30E4269CEF4600BB0287 = {
						CreatedOnToolsVersion = 12.5.1;
					};
				};
			};
			buildConfigurationList = 302B30E0269CEF4600BB0287 /* Build configuration list for PBXProject "OCR Scanner" */;
			compatibilityVersion = "Xcode 9.3";
			developmentRegion = en;
			hasScannedForEncodings = 0;
			knownRegions = (
				en,
				Base,
			);
			mainGroup = 302B30DC269CEF4600BB0287;
			packageReferences = (
				302B3110269D6F9D00BB0287 /* XCRemoteSwiftPackageReference "Reg" */,
			);
			productRefGroup = 302B30E6269CEF4600BB0287 /* Products */;
			projectDirPath = "";
			projectRoot = "";
			targets = (
				302B30E4269CEF4600BB0287 /* OCR Scanner */,
			);
		};
/* End PBXProject section */

/* Begin PBXResourcesBuildPhase section */
		302B30E3269CEF4600BB0287 /* Resources */ = {
			isa = PBXResourcesBuildPhase;
			buildActionMask = 2147483647;
			files = (
				30C9419E26A053A40016D87D /* .gitignore in Resources */,
				302B30F5269CEF4700BB0287 /* LaunchScreen.storyboard in Resources */,
				302B30F2269CEF4700BB0287 /* Assets.xcassets in Resources */,
				302B30F0269CEF4600BB0287 /* Main.storyboard in Resources */,
			);
			runOnlyForDeploymentPostprocessing = 0;
		};
/* End PBXResourcesBuildPhase section */

/* Begin PBXSourcesBuildPhase section */
		302B30E1269CEF4600BB0287 /* Sources */ = {
			isa = PBXSourcesBuildPhase;
			buildActionMask = 2147483647;
			files = (
				301A1FBE26BBBFF5002E323A /* BaseDocumentRepresentation.swift in Sources */,
				30FFA50126A0321A004AA14E /* ModelProcessorViewController.swift in Sources */,
				301A1FC226BD0F48002E323A /* CustomTableViewCell.swift in Sources */,
				301A1FC026BBC062002E323A /* PakistanCNICDocumentRepresentation.swift in Sources */,
				30C941CC26A175910016D87D /* FeatureExtractionBridge.mm in Sources */,
				30333E2C26B2BA02008FA715 /* MLKitTextRecognizer.swift in Sources */,
				30EFAB0826B3F07E004412BC /* Misc.swift in Sources */,
				302B310D269D6CF700BB0287 /* CreditCardExtractor.swift in Sources */,
				30FFA4FF26A0321A004AA14E /* FeatureExtraction.cpp in Sources */,
				302B3102269D0C3E00BB0287 /* CNIC.swift in Sources */,
				30333E2926B2B9E8008FA715 /* BaseTextRecognizer.swift in Sources */,
				30333E2726B2B2D1008FA715 /* ImageKind.swift in Sources */,
				302B30ED269CEF4600BB0287 /* ViewController.swift in Sources */,
				304826BD26B09DA1000873CE /* ModelProcessor.swift in Sources */,
				302B310F269D6D0A00BB0287 /* CNICExtractor.swift in Sources */,
				302B3100269D0BE000BB0287 /* CreditCard.swift in Sources */,
				302B310B269D6CE700BB0287 /* DocumentExtractor.swift in Sources */,
				302B30E9269CEF4600BB0287 /* AppDelegate.swift in Sources */,
				301A1FBC26BBBFDE002E323A /* DocumentRepresentation.swift in Sources */,
				302B30EB269CEF4600BB0287 /* SceneDelegate.swift in Sources */,
				304826C126B0ABE6000873CE /* CameraView.swift in Sources */,
				30EFAB0626B3E93D004412BC /* BaseDocumentTextExtractor.swift in Sources */,
			);
			runOnlyForDeploymentPostprocessing = 0;
		};
/* End PBXSourcesBuildPhase section */

/* Begin PBXVariantGroup section */
		302B30EE269CEF4600BB0287 /* Main.storyboard */ = {
			isa = PBXVariantGroup;
			children = (
				302B30EF269CEF4600BB0287 /* Base */,
			);
			name = Main.storyboard;
			sourceTree = "<group>";
		};
		302B30F3269CEF4700BB0287 /* LaunchScreen.storyboard */ = {
			isa = PBXVariantGroup;
			children = (
				302B30F4269CEF4700BB0287 /* Base */,
			);
			name = LaunchScreen.storyboard;
			sourceTree = "<group>";
		};
/* End PBXVariantGroup section */

/* Begin XCBuildConfiguration section */
		302B30F7269CEF4700BB0287 /* Debug */ = {
			isa = XCBuildConfiguration;
			buildSettings = {
				ALWAYS_SEARCH_USER_PATHS = NO;
				CLANG_ANALYZER_NONNULL = YES;
				CLANG_ANALYZER_NUMBER_OBJECT_CONVERSION = YES_AGGRESSIVE;
				CLANG_CXX_LANGUAGE_STANDARD = "gnu++14";
				CLANG_CXX_LIBRARY = "libc++";
				CLANG_ENABLE_MODULES = YES;
				CLANG_ENABLE_OBJC_ARC = YES;
				CLANG_ENABLE_OBJC_WEAK = YES;
				CLANG_WARN_BLOCK_CAPTURE_AUTORELEASING = YES;
				CLANG_WARN_BOOL_CONVERSION = YES;
				CLANG_WARN_COMMA = YES;
				CLANG_WARN_CONSTANT_CONVERSION = YES;
				CLANG_WARN_DEPRECATED_OBJC_IMPLEMENTATIONS = YES;
				CLANG_WARN_DIRECT_OBJC_ISA_USAGE = YES_ERROR;
				CLANG_WARN_DOCUMENTATION_COMMENTS = YES;
				CLANG_WARN_EMPTY_BODY = YES;
				CLANG_WARN_ENUM_CONVERSION = YES;
				CLANG_WARN_INFINITE_RECURSION = YES;
				CLANG_WARN_INT_CONVERSION = YES;
				CLANG_WARN_NON_LITERAL_NULL_CONVERSION = YES;
				CLANG_WARN_OBJC_IMPLICIT_RETAIN_SELF = YES;
				CLANG_WARN_OBJC_LITERAL_CONVERSION = YES;
				CLANG_WARN_OBJC_ROOT_CLASS = YES_ERROR;
				CLANG_WARN_QUOTED_INCLUDE_IN_FRAMEWORK_HEADER = NO;
				CLANG_WARN_RANGE_LOOP_ANALYSIS = YES;
				CLANG_WARN_STRICT_PROTOTYPES = YES;
				CLANG_WARN_SUSPICIOUS_MOVE = YES;
				CLANG_WARN_UNGUARDED_AVAILABILITY = YES_AGGRESSIVE;
				CLANG_WARN_UNREACHABLE_CODE = YES;
				CLANG_WARN__DUPLICATE_METHOD_MATCH = YES;
				COPY_PHASE_STRIP = NO;
				DEBUG_INFORMATION_FORMAT = dwarf;
				ENABLE_STRICT_OBJC_MSGSEND = YES;
				ENABLE_TESTABILITY = YES;
				GCC_C_LANGUAGE_STANDARD = gnu11;
				GCC_DYNAMIC_NO_PIC = NO;
				GCC_NO_COMMON_BLOCKS = YES;
				GCC_OPTIMIZATION_LEVEL = 0;
				GCC_PREPROCESSOR_DEFINITIONS = (
					"DEBUG=1",
					"$(inherited)",
				);
				GCC_WARN_64_TO_32_BIT_CONVERSION = YES;
				GCC_WARN_ABOUT_RETURN_TYPE = YES_ERROR;
				GCC_WARN_UNDECLARED_SELECTOR = YES;
				GCC_WARN_UNINITIALIZED_AUTOS = YES_AGGRESSIVE;
				GCC_WARN_UNUSED_FUNCTION = YES;
				GCC_WARN_UNUSED_VARIABLE = YES;
				IPHONEOS_DEPLOYMENT_TARGET = 14.5;
				MTL_ENABLE_DEBUG_INFO = INCLUDE_SOURCE;
				MTL_FAST_MATH = YES;
				ONLY_ACTIVE_ARCH = YES;
				SDKROOT = iphoneos;
				SWIFT_ACTIVE_COMPILATION_CONDITIONS = DEBUG;
				SWIFT_INSTALL_OBJC_HEADER = YES;
				SWIFT_OPTIMIZATION_LEVEL = "-Onone";
			};
			name = Debug;
		};
		302B30F8269CEF4700BB0287 /* Release */ = {
			isa = XCBuildConfiguration;
			buildSettings = {
				ALWAYS_SEARCH_USER_PATHS = NO;
				CLANG_ANALYZER_NONNULL = YES;
				CLANG_ANALYZER_NUMBER_OBJECT_CONVERSION = YES_AGGRESSIVE;
				CLANG_CXX_LANGUAGE_STANDARD = "gnu++14";
				CLANG_CXX_LIBRARY = "libc++";
				CLANG_ENABLE_MODULES = YES;
				CLANG_ENABLE_OBJC_ARC = YES;
				CLANG_ENABLE_OBJC_WEAK = YES;
				CLANG_WARN_BLOCK_CAPTURE_AUTORELEASING = YES;
				CLANG_WARN_BOOL_CONVERSION = YES;
				CLANG_WARN_COMMA = YES;
				CLANG_WARN_CONSTANT_CONVERSION = YES;
				CLANG_WARN_DEPRECATED_OBJC_IMPLEMENTATIONS = YES;
				CLANG_WARN_DIRECT_OBJC_ISA_USAGE = YES_ERROR;
				CLANG_WARN_DOCUMENTATION_COMMENTS = YES;
				CLANG_WARN_EMPTY_BODY = YES;
				CLANG_WARN_ENUM_CONVERSION = YES;
				CLANG_WARN_INFINITE_RECURSION = YES;
				CLANG_WARN_INT_CONVERSION = YES;
				CLANG_WARN_NON_LITERAL_NULL_CONVERSION = YES;
				CLANG_WARN_OBJC_IMPLICIT_RETAIN_SELF = YES;
				CLANG_WARN_OBJC_LITERAL_CONVERSION = YES;
				CLANG_WARN_OBJC_ROOT_CLASS = YES_ERROR;
				CLANG_WARN_QUOTED_INCLUDE_IN_FRAMEWORK_HEADER = NO;
				CLANG_WARN_RANGE_LOOP_ANALYSIS = YES;
				CLANG_WARN_STRICT_PROTOTYPES = YES;
				CLANG_WARN_SUSPICIOUS_MOVE = YES;
				CLANG_WARN_UNGUARDED_AVAILABILITY = YES_AGGRESSIVE;
				CLANG_WARN_UNREACHABLE_CODE = YES;
				CLANG_WARN__DUPLICATE_METHOD_MATCH = YES;
				COPY_PHASE_STRIP = NO;
				DEBUG_INFORMATION_FORMAT = "dwarf-with-dsym";
				ENABLE_NS_ASSERTIONS = NO;
				ENABLE_STRICT_OBJC_MSGSEND = YES;
				GCC_C_LANGUAGE_STANDARD = gnu11;
				GCC_NO_COMMON_BLOCKS = YES;
				GCC_WARN_64_TO_32_BIT_CONVERSION = YES;
				GCC_WARN_ABOUT_RETURN_TYPE = YES_ERROR;
				GCC_WARN_UNDECLARED_SELECTOR = YES;
				GCC_WARN_UNINITIALIZED_AUTOS = YES_AGGRESSIVE;
				GCC_WARN_UNUSED_FUNCTION = YES;
				GCC_WARN_UNUSED_VARIABLE = YES;
				IPHONEOS_DEPLOYMENT_TARGET = 14.5;
				MTL_ENABLE_DEBUG_INFO = NO;
				MTL_FAST_MATH = YES;
				SDKROOT = iphoneos;
				SWIFT_COMPILATION_MODE = wholemodule;
				SWIFT_INSTALL_OBJC_HEADER = YES;
				SWIFT_OPTIMIZATION_LEVEL = "-O";
				VALIDATE_PRODUCT = YES;
			};
			name = Release;
		};
		302B30FA269CEF4700BB0287 /* Debug */ = {
			isa = XCBuildConfiguration;
			buildSettings = {
				ASSETCATALOG_COMPILER_APPICON_NAME = AppIcon;
				ASSETCATALOG_COMPILER_GLOBAL_ACCENT_COLOR_NAME = AccentColor;
				CLANG_WARN_DOCUMENTATION_COMMENTS = NO;
				CLANG_WARN_QUOTED_INCLUDE_IN_FRAMEWORK_HEADER = NO;
				CODE_SIGN_STYLE = Automatic;
				DEVELOPMENT_TEAM = H8R8WQ57E9;
				FRAMEWORK_SEARCH_PATHS = (
					"$(inherited)",
					"$(PROJECT_DIR)/Frameworks",
				);
				INFOPLIST_FILE = "OCR Scanner/Info.plist";
				LD_RUNPATH_SEARCH_PATHS = (
					"$(inherited)",
					"@executable_path/Frameworks",
				);
				"OTHER_CPLUSPLUSFLAGS[arch=*]" = "-fvisibility=hidden";
				PRODUCT_BUNDLE_IDENTIFIER = "com.Vikesyy.OCR-Scanner";
				PRODUCT_NAME = "$(TARGET_NAME)";
				SWIFT_OBJC_BRIDGING_HEADER = "OCR Scanner/Template Matching/OCR Scanner-Bridging-Header.h";
				SWIFT_VERSION = 5.0;
				TARGETED_DEVICE_FAMILY = 1;
			};
			name = Debug;
		};
		302B30FB269CEF4700BB0287 /* Release */ = {
			isa = XCBuildConfiguration;
			buildSettings = {
				ASSETCATALOG_COMPILER_APPICON_NAME = AppIcon;
				ASSETCATALOG_COMPILER_GLOBAL_ACCENT_COLOR_NAME = AccentColor;
				CLANG_WARN_DOCUMENTATION_COMMENTS = NO;
				CLANG_WARN_QUOTED_INCLUDE_IN_FRAMEWORK_HEADER = NO;
				CODE_SIGN_STYLE = Automatic;
				DEVELOPMENT_TEAM = H8R8WQ57E9;
				FRAMEWORK_SEARCH_PATHS = (
					"$(inherited)",
					"$(PROJECT_DIR)/Frameworks",
				);
				INFOPLIST_FILE = "OCR Scanner/Info.plist";
				LD_RUNPATH_SEARCH_PATHS = (
					"$(inherited)",
					"@executable_path/Frameworks",
				);
				OTHER_CPLUSPLUSFLAGS = (
					"$(OTHER_CFLAGS)",
					"-fvisibility=hidden",
				);
				PRODUCT_BUNDLE_IDENTIFIER = "com.Vikesyy.OCR-Scanner";
				PRODUCT_NAME = "$(TARGET_NAME)";
				SWIFT_OBJC_BRIDGING_HEADER = "OCR Scanner/Template Matching/OCR Scanner-Bridging-Header.h";
				SWIFT_VERSION = 5.0;
				TARGETED_DEVICE_FAMILY = 1;
			};
			name = Release;
		};
/* End XCBuildConfiguration section */

/* Begin XCConfigurationList section */
		302B30E0269CEF4600BB0287 /* Build configuration list for PBXProject "OCR Scanner" */ = {
			isa = XCConfigurationList;
			buildConfigurations = (
				302B30F7269CEF4700BB0287 /* Debug */,
				302B30F8269CEF4700BB0287 /* Release */,
			);
			defaultConfigurationIsVisible = 0;
			defaultConfigurationName = Release;
		};
		302B30F9269CEF4700BB0287 /* Build configuration list for PBXNativeTarget "OCR Scanner" */ = {
			isa = XCConfigurationList;
			buildConfigurations = (
				302B30FA269CEF4700BB0287 /* Debug */,
				302B30FB269CEF4700BB0287 /* Release */,
			);
			defaultConfigurationIsVisible = 0;
			defaultConfigurationName = Release;
		};
/* End XCConfigurationList section */

/* Begin XCRemoteSwiftPackageReference section */
		302B3110269D6F9D00BB0287 /* XCRemoteSwiftPackageReference "Reg" */ = {
			isa = XCRemoteSwiftPackageReference;
			repositoryURL = "https://github.com/yhkaplan/Reg.git";
			requirement = {
				kind = upToNextMajorVersion;
				minimumVersion = 0.3.0;
			};
		};
/* End XCRemoteSwiftPackageReference section */

/* Begin XCSwiftPackageProductDependency section */
		302B3111269D6F9D00BB0287 /* Reg */ = {
			isa = XCSwiftPackageProductDependency;
			package = 302B3110269D6F9D00BB0287 /* XCRemoteSwiftPackageReference "Reg" */;
			productName = Reg;
		};
/* End XCSwiftPackageProductDependency section */
	};
	rootObject = 302B30DD269CEF4600BB0287 /* Project object */;
}
